{
  "name": "electron-nextjs-typescript-monorepo",
  "version": "1.0.0",
  "lockfileVersion": 3,
  "requires": true,
  "packages": {
    "": {
      "name": "electron-nextjs-typescript-monorepo",
      "version": "1.0.0",
      "license": "ISC",
      "workspaces": [
        "packages/a"
      ]
    },
    "node_modules/a": {
      "resolved": "packages/a",
      "link": true
    },
    "packages/a": {
      "version": "1.0.0",
      "license": "ISC"
    }
  }
}
